// !$*UTF8*$!
{
	archiveVersion = 1;
	classes = {
	};
	objectVersion = 46;
	objects = {

/* Begin PBXBuildFile section */
		9849CF5D1E9F0EC600E3AED2 /* fgraph.cpp in Sources */ = {isa = PBXBuildFile; fileRef = 9849CF5A1E9F0EC600E3AED2 /* fgraph.cpp */; };
/* End PBXBuildFile section */

/* Begin PBXCopyFilesBuildPhase section */
		9849CF4A1E9F0D1D00E3AED2 /* CopyFiles */ = {
			isa = PBXCopyFilesBuildPhase;
			buildActionMask = 2147483647;
			dstPath = /usr/share/man/man1/;
			dstSubfolderSpec = 0;
			files = (
			);
			runOnlyForDeploymentPostprocessing = 1;
		};
/* End PBXCopyFilesBuildPhase section */

/* Begin PBXFileReference section */
		9849CF4C1E9F0D1D00E3AED2 /* FSU Graphs */ = {isa = PBXFileReference; explicitFileType = "compiled.mach-o.executable"; includeInIndex = 0; path = "FSU Graphs"; sourceTree = BUILT_PRODUCTS_DIR; };
		9849CF571E9F0D6A00E3AED2 /* Support Files */ = {isa = PBXFileReference; lastKnownFileType = folder; path = "Support Files"; sourceTree = "<group>"; };
		9849CF581E9F0EC600E3AED2 /* fbfsurvey.cpp */ = {isa = PBXFileReference; fileEncoding = 4; lastKnownFileType = sourcecode.cpp.cpp; path = fbfsurvey.cpp; sourceTree = "<group>"; };
		9849CF591E9F0EC600E3AED2 /* fdfsurvey.cpp */ = {isa = PBXFileReference; fileEncoding = 4; lastKnownFileType = sourcecode.cpp.cpp; path = fdfsurvey.cpp; sourceTree = "<group>"; };
		9849CF5A1E9F0EC600E3AED2 /* fgraph.cpp */ = {isa = PBXFileReference; fileEncoding = 4; lastKnownFileType = sourcecode.cpp.cpp; path = fgraph.cpp; sourceTree = "<group>"; };
/* End PBXFileReference section */

/* Begin PBXFrameworksBuildPhase section */
		9849CF491E9F0D1D00E3AED2 /* Frameworks */ = {
			isa = PBXFrameworksBuildPhase;
			buildActionMask = 2147483647;
			files = (
			);
			runOnlyForDeploymentPostprocessing = 0;
		};
/* End PBXFrameworksBuildPhase section */

/* Begin PBXGroup section */
		9849CF431E9F0D1D00E3AED2 = {
			isa = PBXGroup;
			children = (
				9849CF571E9F0D6A00E3AED2 /* Support Files */,
				9849CF4E1E9F0D1D00E3AED2 /* FSU Graphs */,
				9849CF4D1E9F0D1D00E3AED2 /* Products */,
			);
			sourceTree = "<group>";
		};
		9849CF4D1E9F0D1D00E3AED2 /* Products */ = {
			isa = PBXGroup;
			children = (
				9849CF4C1E9F0D1D00E3AED2 /* FSU Graphs */,
			);
			name = Products;
			sourceTree = "<group>";
		};
		9849CF4E1E9F0D1D00E3AED2 /* FSU Graphs */ = {
			isa = PBXGroup;
			children = (
				9849CF581E9F0EC600E3AED2 /* fbfsurvey.cpp */,
				9849CF591E9F0EC600E3AED2 /* fdfsurvey.cpp */,
				9849CF5A1E9F0EC600E3AED2 /* fgraph.cpp */,
			);
			path = "FSU Graphs";
			sourceTree = "<group>";
		};
/* End PBXGroup section */

/* Begin PBXNativeTarget section */
		9849CF4B1E9F0D1D00E3AED2 /* FSU Graphs */ = {
			isa = PBXNativeTarget;
			buildConfigurationList = 9849CF531E9F0D1D00E3AED2 /* Build configuration list for PBXNativeTarget "FSU Graphs" */;
			buildPhases = (
				9849CF481E9F0D1D00E3AED2 /* Sources */,
				9849CF491E9F0D1D00E3AED2 /* Frameworks */,
				9849CF4A1E9F0D1D00E3AED2 /* CopyFiles */,
			);
			buildRules = (
			);
			dependencies = (
			);
			name = "FSU Graphs";
			productName = "FSU Graphs";
			productReference = 9849CF4C1E9F0D1D00E3AED2 /* FSU Graphs */;
			productType = "com.apple.product-type.tool";
		};
/* End PBXNativeTarget section */

/* Begin PBXProject section */
		9849CF441E9F0D1D00E3AED2 /* Project object */ = {
			isa = PBXProject;
			attributes = {
				LastUpgradeCheck = 0810;
				ORGANIZATIONNAME = FSU;
				TargetAttributes = {
					9849CF4B1E9F0D1D00E3AED2 = {
						CreatedOnToolsVersion = 8.1;
						ProvisioningStyle = Automatic;
					};
				};
			};
			buildConfigurationList = 9849CF471E9F0D1D00E3AED2 /* Build configuration list for PBXProject "FSU Graphs" */;
			compatibilityVersion = "Xcode 3.2";
			developmentRegion = English;
			hasScannedForEncodings = 0;
			knownRegions = (
				en,
			);
			mainGroup = 9849CF431E9F0D1D00E3AED2;
			productRefGroup = 9849CF4D1E9F0D1D00E3AED2 /* Products */;
			projectDirPath = "";
			projectRoot = "";
			targets = (
				9849CF4B1E9F0D1D00E3AED2 /* FSU Graphs */,
			);
		};
/* End PBXProject section */

/* Begin PBXSourcesBuildPhase section */
		9849CF481E9F0D1D00E3AED2 /* Sources */ = {
			isa = PBXSourcesBuildPhase;
			buildActionMask = 2147483647;
			files = (
				9849CF5D1E9F0EC600E3AED2 /* fgraph.cpp in Sources */,
			);
			runOnlyForDeploymentPostprocessing = 0;
		};
/* End PBXSourcesBuildPhase section */

/* Begin XCBuildConfiguration section */
		9849CF511E9F0D1D00E3AED2 /* Debug */ = {
			isa = XCBuildConfiguration;
			buildSettings = {
				ALWAYS_SEARCH_USER_PATHS = NO;
				CLANG_ANALYZER_NONNULL = YES;
				CLANG_CXX_LANGUAGE_STANDARD = "gnu++0x";
				CLANG_CXX_LIBRARY = "libc++";
				CLANG_ENABLE_MODULES = YES;
				CLANG_ENABLE_OBJC_ARC = YES;
				CLANG_WARN_BOOL_CONVERSION = YES;
				CLANG_WARN_CONSTANT_CONVERSION = YES;
				CLANG_WARN_DIRECT_OBJC_ISA_USAGE = YES_ERROR;
				CLANG_WARN_DOCUMENTATION_COMMENTS = YES;
				CLANG_WARN_EMPTY_BODY = YES;
				CLANG_WARN_ENUM_CONVERSION = YES;
				CLANG_WARN_INFINITE_RECURSION = YES;
				CLANG_WARN_INT_CONVERSION = YES;
				CLANG_WARN_OBJC_ROOT_CLASS = YES_ERROR;
				CLANG_WARN_SUSPICIOUS_MOVES = YES;
				CLANG_WARN_UNREACHABLE_CODE = YES;
				CLANG_WARN__DUPLICATE_METHOD_MATCH = YES;
				CODE_SIGN_IDENTITY = "-";
				COPY_PHASE_STRIP = NO;
				DEBUG_INFORMATION_FORMAT = dwarf;
				ENABLE_STRICT_OBJC_MSGSEND = YES;
				ENABLE_TESTABILITY = YES;
				GCC_C_LANGUAGE_STANDARD = gnu99;
				GCC_DYNAMIC_NO_PIC = NO;
				GCC_NO_COMMON_BLOCKS = YES;
				GCC_OPTIMIZATION_LEVEL = 0;
				GCC_PREPROCESSOR_DEFINITIONS = (
					"DEBUG=1",
					"$(inherited)",
				);
				GCC_WARN_64_TO_32_BIT_CONVERSION = YES;
				GCC_WARN_ABOUT_RETURN_TYPE = YES_ERROR;
				GCC_WARN_UNDECLARED_SELECTOR = YES;
				GCC_WARN_UNINITIALIZED_AUTOS = YES_AGGRESSIVE;
				GCC_WARN_UNUSED_FUNCTION = YES;
				GCC_WARN_UNUSED_VARIABLE = YES;
				MACOSX_DEPLOYMENT_TARGET = 10.12;
				MTL_ENABLE_DEBUG_INFO = YES;
				ONLY_ACTIVE_ARCH = YES;
				SDKROOT = macosx;
			};
			name = Debug;
		};
		9849CF521E9F0D1D00E3AED2 /* Release */ = {
			isa = XCBuildConfiguration;
			buildSettings = {
				ALWAYS_SEARCH_USER_PATHS = NO;
				CLANG_ANALYZER_NONNULL = YES;
				CLANG_CXX_LANGUAGE_STANDARD = "gnu++0x";
				CLANG_CXX_LIBRARY = "libc++";
				CLANG_ENABLE_MODULES = YES;
				CLANG_ENABLE_OBJC_ARC = YES;
				CLANG_WARN_BOOL_CONVERSION = YES;
				CLANG_WARN_CONSTANT_CONVERSION = YES;
				CLANG_WARN_DIRECT_OBJC_ISA_USAGE = YES_ERROR;
				CLANG_WARN_DOCUMENTATION_COMMENTS = YES;
				CLANG_WARN_EMPTY_BODY = YES;
				CLANG_WARN_ENUM_CONVERSION = YES;
				CLANG_WARN_INFINITE_RECURSION = YES;
				CLANG_WARN_INT_CONVERSION = YES;
				CLANG_WARN_OBJC_ROOT_CLASS = YES_ERROR;
				CLANG_WARN_SUSPICIOUS_MOVES = YES;
				CLANG_WARN_UNREACHABLE_CODE = YES;
				CLANG_WARN__DUPLICATE_METHOD_MATCH = YES;
				CODE_SIGN_IDENTITY = "-";
				COPY_PHASE_STRIP = NO;
				DEBUG_INFORMATION_FORMAT = "dwarf-with-dsym";
				ENABLE_NS_ASSERTIONS = NO;
				ENABLE_STRICT_OBJC_MSGSEND = YES;
				GCC_C_LANGUAGE_STANDARD = gnu99;
				GCC_NO_COMMON_BLOCKS = YES;
				GCC_WARN_64_TO_32_BIT_CONVERSION = YES;
				GCC_WARN_ABOUT_RETURN_TYPE = YES_ERROR;
				GCC_WARN_UNDECLARED_SELECTOR = YES;
				GCC_WARN_UNINITIALIZED_AUTOS = YES_AGGRESSIVE;
				GCC_WARN_UNUSED_FUNCTION = YES;
				GCC_WARN_UNUSED_VARIABLE = YES;
				MACOSX_DEPLOYMENT_TARGET = 10.12;
				MTL_ENABLE_DEBUG_INFO = NO;
				SDKROOT = macosx;
			};
			name = Release;
		};
		9849CF541E9F0D1D00E3AED2 /* Debug */ = {
			isa = XCBuildConfiguration;
			buildSettings = {
				OTHER_CPLUSPLUSFLAGS = (
					"-I$(PROJECT_DIR)/Support",
					Files/CPP,
					"-I$(PROJECT_DIR)/Support",
					Files/TCPP,
				);
				PRODUCT_NAME = "$(TARGET_NAME)";
			};
			name = Debug;
		};
		9849CF551E9F0D1D00E3AED2 /* Release */ = {
			isa = XCBuildConfiguration;
			buildSettings = {
				OTHER_CPLUSPLUSFLAGS = (
					"-I$(PROJECT_DIR)/Support",
					Files/CPP,
					"-I$(PROJECT_DIR)/Support",
					Files/TCPP,
				);
				PRODUCT_NAME = "$(TARGET_NAME)";
			};
			name = Release;
		};
/* End XCBuildConfiguration section */

/* Begin XCConfigurationList section */
		9849CF471E9F0D1D00E3AED2 /* Build configuration list for PBXProject "FSU Graphs" */ = {
			isa = XCConfigurationList;
			buildConfigurations = (
				9849CF511E9F0D1D00E3AED2 /* Debug */,
				9849CF521E9F0D1D00E3AED2 /* Release */,
			);
			defaultConfigurationIsVisible = 0;
			defaultConfigurationName = Release;
		};
		9849CF531E9F0D1D00E3AED2 /* Build configuration list for PBXNativeTarget "FSU Graphs" */ = {
			isa = XCConfigurationList;
			buildConfigurations = (
				9849CF541E9F0D1D00E3AED2 /* Debug */,
				9849CF551E9F0D1D00E3AED2 /* Release */,
			);
			defaultConfigurationIsVisible = 0;
		};
/* End XCConfigurationList section */
	};
	rootObject = 9849CF441E9F0D1D00E3AED2 /* Project object */;
}
